
Microsoft Visual Studio Solution File, Format Version 12.00
# Visual Studio Version 16
VisualStudioVersion = 16.0.31313.79
MinimumVisualStudioVersion = 10.0.40219.1
Project("{FAE04EC0-301F-11D3-BF4B-00C04F79EFBC}") = "WARestfulAPI", "WARestfulAPI\WARestfulAPI.csproj", "{28B6E4BE-D2A9-4346-840D-D979F9C9F801}"
EndProject
Global
	GlobalSection(SolutionConfigurationPlatforms) = preSolution
		Debug|Any CPU = Debug|Any CPU
		Release|Any CPU = Release|Any CPU
	EndGlobalSection
	GlobalSection(ProjectConfigurationPlatforms) = postSolution
		{28B6E4BE-D2A9-4346-840D-D979F9C9F801}.Debug|Any CPU.ActiveCfg = Debug|Any CPU
		{28B6E4BE-D2A9-4346-840D-D979F9C9F801}.Debug|Any CPU.Build.0 = Debug|Any CPU
		{28B6E4BE-D2A9-4346-840D-D979F9C9F801}.Release|Any CPU.ActiveCfg = Release|Any CPU
		{28B6E4BE-D2A9-4346-840D-D979F9C9F801}.Release|Any CPU.Build.0 = Release|Any CPU
	EndGlobalSection
	GlobalSection(SolutionProperties) = preSolution
		HideSolutionNode = FALSE
	EndGlobalSection
	GlobalSection(ExtensibilityGlobals) = postSolution
		SolutionGuid = {3CB78C5F-6514-49C5-9C77-EC397B3EA928}
	EndGlobalSection
EndGlobal
